
Microsoft Visual Studio Solution File, Format Version 12.00
# Visual Studio Version 16
VisualStudioVersion = 16.0.29123.89
MinimumVisualStudioVersion = 10.0.40219.1
Project("{FAE04EC0-301F-11D3-BF4B-00C04F79EFBC}") = "Guaranteed", "src\Guaranteed\Guaranteed.csproj", "{9B9E913B-8E48-4339-A67B-CC23B0507A64}"
EndProject
Project("{FAE04EC0-301F-11D3-BF4B-00C04F79EFBC}") = "Guaranteed.Tests", "tests\Guaranteed.Tests\Guaranteed.Tests.csproj", "{9A51A2D8-C7B5-4821-8D23-4F124AEAA11F}"
EndProject
Project("{FAE04EC0-301F-11D3-BF4B-00C04F79EFBC}") = "Guaranteed.Benchmarks", "tests\Guaranteed.Benchmarks\Guaranteed.Benchmarks.csproj", "{BD2F21DC-E665-4E51-814D-3B75E354F342}"
EndProject
Global
	GlobalSection(SolutionConfigurationPlatforms) = preSolution
		Debug|Any CPU = Debug|Any CPU
		Release|Any CPU = Release|Any CPU
	EndGlobalSection
	GlobalSection(ProjectConfigurationPlatforms) = postSolution
		{9B9E913B-8E48-4339-A67B-CC23B0507A64}.Debug|Any CPU.ActiveCfg = Debug|Any CPU
		{9B9E913B-8E48-4339-A67B-CC23B0507A64}.Debug|Any CPU.Build.0 = Debug|Any CPU
		{9B9E913B-8E48-4339-A67B-CC23B0507A64}.Release|Any CPU.ActiveCfg = Release|Any CPU
		{9B9E913B-8E48-4339-A67B-CC23B0507A64}.Release|Any CPU.Build.0 = Release|Any CPU
		{9A51A2D8-C7B5-4821-8D23-4F124AEAA11F}.Debug|Any CPU.ActiveCfg = Debug|Any CPU
		{9A51A2D8-C7B5-4821-8D23-4F124AEAA11F}.Debug|Any CPU.Build.0 = Debug|Any CPU
		{9A51A2D8-C7B5-4821-8D23-4F124AEAA11F}.Release|Any CPU.ActiveCfg = Release|Any CPU
		{9A51A2D8-C7B5-4821-8D23-4F124AEAA11F}.Release|Any CPU.Build.0 = Release|Any CPU
		{BD2F21DC-E665-4E51-814D-3B75E354F342}.Debug|Any CPU.ActiveCfg = Debug|Any CPU
		{BD2F21DC-E665-4E51-814D-3B75E354F342}.Debug|Any CPU.Build.0 = Debug|Any CPU
		{BD2F21DC-E665-4E51-814D-3B75E354F342}.Release|Any CPU.ActiveCfg = Release|Any CPU
		{BD2F21DC-E665-4E51-814D-3B75E354F342}.Release|Any CPU.Build.0 = Release|Any CPU
	EndGlobalSection
	GlobalSection(SolutionProperties) = preSolution
		HideSolutionNode = FALSE
	EndGlobalSection
	GlobalSection(ExtensibilityGlobals) = postSolution
		SolutionGuid = {C91E25D8-C4D4-4BC0-B32E-60C62234A947}
	EndGlobalSection
EndGlobal
